<Solution>
  <Configurations>
    <BuildType Name="Debug" />
    <BuildType Name="Debug-Net10" />
    <BuildType Name="Release" />
    <Platform Name="Any CPU" />
    <Platform Name="x64" />
  </Configurations>
  <Folder Name="/Solution Items/">
    <File Path="README.md" />
  </Folder>
  <Project Path="CopilotTaskbarApp/CopilotTaskbarApp.csproj">
    <Platform Solution="*|x64" Project="x64" />
    <Platform Solution="Debug-Net10|Any CPU" Project="ARM64" />
  </Project>
</Solution>
